<?xml version="1.0" encoding="utf-8"?>
<Project ToolsVersion="4.0" xmlns="http://schemas.microsoft.com/developer/msbuild/2003">
  <ItemGroup>
    <Filter Include="Source Files">
      <UniqueIdentifier>{4FC737F1-C7A5-4376-A066-2A32D752A2FF}</UniqueIdentifier>
      <Extensions>cpp;c;cc;cxx;c++;cppm;ixx;def;odl;idl;hpj;bat;asm;asmx</Extensions>
    </Filter>
    <Filter Include="Header Files">
      <UniqueIdentifier>{93995380-89BD-4b04-88EB-625FBE52EBFB}</UniqueIdentifier>
      <Extensions>h;hh;hpp;hxx;h++;hm;inl;inc;ipp;xsd</Extensions>
    </Filter>
    <Filter Include="Resource Files">
      <UniqueIdentifier>{67DA6AB6-F800-4c08-8B7A-83BB121AAD01}</UniqueIdentifier>
      <Extensions>rc;ico;cur;bmp;dlg;rc2;rct;bin;rgs;gif;jpg;jpeg;jpe;resx;tiff;tif;png;wav;mfcribbon-ms</Extensions>
    </Filter>
    <Filter Include="Utility">
      <UniqueIdentifier>{5e084675-5c2f-4ae6-9160-0bb42f10c6f9}</UniqueIdentifier>
    </Filter>
    <Filter Include="SolEngine">
      <UniqueIdentifier>{63aff029-0da5-4899-96be-913e14f03998}</UniqueIdentifier>
    </Filter>
    <Filter Include="SolEngine\Math">
      <UniqueIdentifier>{7ceb137a-b787-489a-b0ae-b558d7cb928d}</UniqueIdentifier>
    </Filter>
    <Filter Include="SolEngine\Data">
      <UniqueIdentifier>{542ef050-a841-4c51-9b41-61ac09e1d8fd}</UniqueIdentifier>
    </Filter>
    <Filter Include="Shaders">
      <UniqueIdentifier>{bbae8be9-b1c7-4e43-a74a-1cffbaaf5e79}</UniqueIdentifier>
    </Filter>
    <Filter Include="SolEngine\Interface">
      <UniqueIdentifier>{1957ed1c-9a5d-46fb-8d8b-5ed4c83881fe}</UniqueIdentifier>
    </Filter>
  </ItemGroup>
  <ItemGroup>
    <ClCompile Include="DebugHelpers.cpp">
      <Filter>Utility</Filter>
    </ClCompile>
    <ClCompile Include="pch.cpp">
      <Filter>Source Files</Filter>
    </ClCompile>
    <ClCompile Include="SolVulkanDevice.cpp">
      <Filter>SolEngine</Filter>
    </ClCompile>
    <ClCompile Include="Application.cpp">
      <Filter>SolEngine</Filter>
    </ClCompile>
    <ClCompile Include="SolVulkanSwapchain.cpp">
      <Filter>SolEngine</Filter>
    </ClCompile>
    <ClCompile Include="main.cpp">
      <Filter>Source Files</Filter>
    </ClCompile>
    <ClCompile Include="SolVulkanWindow.cpp">
      <Filter>SolEngine</Filter>
    </ClCompile>
    <ClCompile Include="SolVulkanPipeline.cpp">
      <Filter>SolEngine</Filter>
    </ClCompile>
    <ClCompile Include="SolVulkanModel.cpp">
      <Filter>SolEngine</Filter>
    </ClCompile>
    <ClCompile Include="SolVulkanGameObject.cpp">
      <Filter>SolEngine</Filter>
    </ClCompile>
    <ClCompile Include="SolVulkanRenderer.cpp">
      <Filter>SolEngine</Filter>
    </ClCompile>
    <ClCompile Include="SimpleRenderSystem.cpp">
      <Filter>SolEngine</Filter>
    </ClCompile>
  </ItemGroup>
  <ItemGroup>
    <ClInclude Include="DebugHelpers.hpp">
      <Filter>Utility</Filter>
    </ClInclude>
    <ClInclude Include="pch.hpp">
      <Filter>Header Files</Filter>
    </ClInclude>
    <ClInclude Include="SolVulkanDevice.hpp">
      <Filter>SolEngine</Filter>
    </ClInclude>
    <ClInclude Include="Singleton.hpp">
      <Filter>Utility</Filter>
    </ClInclude>
    <ClInclude Include="Application.hpp">
      <Filter>SolEngine</Filter>
    </ClInclude>
    <ClInclude Include="Vector.hpp">
      <Filter>SolEngine\Math</Filter>
    </ClInclude>
    <ClInclude Include="SolVulkanSwapchain.hpp">
      <Filter>SolEngine</Filter>
    </ClInclude>
    <ClInclude Include="SwapchainSupportDetails.hpp">
      <Filter>SolEngine\Data</Filter>
    </ClInclude>
    <ClInclude Include="QueueFamilyIndices.hpp">
      <Filter>SolEngine\Data</Filter>
    </ClInclude>
    <ClInclude Include="SolVulkanWindow.hpp">
      <Filter>SolEngine</Filter>
    </ClInclude>
    <ClInclude Include="SolVulkanPipeline.hpp">
      <Filter>SolEngine</Filter>
    </ClInclude>
    <ClInclude Include="SimplePushConstantData.hpp">
      <Filter>SolEngine\Data</Filter>
    </ClInclude>
    <ClInclude Include="PipelineConfigInfo.hpp">
      <Filter>SolEngine\Data</Filter>
    </ClInclude>
    <ClInclude Include="ApplicationData.hpp">
      <Filter>SolEngine\Data</Filter>
    </ClInclude>
    <ClInclude Include="SolVulkanModel.hpp">
      <Filter>SolEngine</Filter>
    </ClInclude>
    <ClInclude Include="Vertex.hpp">
      <Filter>SolEngine\Data</Filter>
    </ClInclude>
    <ClInclude Include="SolVulkanGameObject.hpp">
      <Filter>SolEngine</Filter>
    </ClInclude>
    <ClInclude Include="IMonoBehaviour.hpp">
      <Filter>SolEngine\Interface</Filter>
    </ClInclude>
    <ClInclude Include="IDisposable.hpp">
      <Filter>SolEngine\Interface</Filter>
    </ClInclude>
    <ClInclude Include="SolVulkanRenderer.hpp">
      <Filter>SolEngine</Filter>
    </ClInclude>
    <ClInclude Include="SimpleRenderSystem.hpp">
      <Filter>SolEngine</Filter>
    </ClInclude>
  </ItemGroup>
  <ItemGroup>
    <None Include="Shaders\SimpleShader.frag">
      <Filter>Shaders</Filter>
    </None>
    <None Include="Shaders\SimpleShader.vert">
      <Filter>Shaders</Filter>
    </None>
  </ItemGroup>
</Project>