<?xml version="1.0" encoding="utf-8"?>
<Project ToolsVersion="4.0" xmlns="http://schemas.microsoft.com/developer/msbuild/2003">
  <ItemGroup>
    <Filter Include="Source Files">
      <UniqueIdentifier>{4FC737F1-C7A5-4376-A066-2A32D752A2FF}</UniqueIdentifier>
      <Extensions>cpp;c;cc;cxx;c++;cppm;ixx;def;odl;idl;hpj;bat;asm;asmx</Extensions>
    </Filter>
    <Filter Include="Header Files">
      <UniqueIdentifier>{93995380-89BD-4b04-88EB-625FBE52EBFB}</UniqueIdentifier>
      <Extensions>h;hh;hpp;hxx;h++;hm;inl;inc;ipp;xsd</Extensions>
    </Filter>
    <Filter Include="Resource Files">
      <UniqueIdentifier>{67DA6AB6-F800-4c08-8B7A-83BB121AAD01}</UniqueIdentifier>
      <Extensions>rc;ico;cur;bmp;dlg;rc2;rct;bin;rgs;gif;jpg;jpeg;jpe;resx;tiff;tif;png;wav;mfcribbon-ms</Extensions>
    </Filter>
    <Filter Include="Utility">
      <UniqueIdentifier>{5e084675-5c2f-4ae6-9160-0bb42f10c6f9}</UniqueIdentifier>
    </Filter>
    <Filter Include="SolEngine">
      <UniqueIdentifier>{63aff029-0da5-4899-96be-913e14f03998}</UniqueIdentifier>
    </Filter>
    <Filter Include="SolEngine\Math">
      <UniqueIdentifier>{7ceb137a-b787-489a-b0ae-b558d7cb928d}</UniqueIdentifier>
    </Filter>
    <Filter Include="SolEngine\Data">
      <UniqueIdentifier>{542ef050-a841-4c51-9b41-61ac09e1d8fd}</UniqueIdentifier>
    </Filter>
    <Filter Include="Shaders">
      <UniqueIdentifier>{bbae8be9-b1c7-4e43-a74a-1cffbaaf5e79}</UniqueIdentifier>
    </Filter>
    <Filter Include="SolEngine\Interface">
      <UniqueIdentifier>{1957ed1c-9a5d-46fb-8d8b-5ed4c83881fe}</UniqueIdentifier>
    </Filter>
    <Filter Include="SolEngine\Rendering">
      <UniqueIdentifier>{ce079ae5-79af-486c-bcdd-02284c9a3d77}</UniqueIdentifier>
    </Filter>
    <Filter Include="SolEngine\Events">
      <UniqueIdentifier>{bbfb351e-fa11-421b-bd12-c61f318a6c64}</UniqueIdentifier>
    </Filter>
    <Filter Include="ImGui">
      <UniqueIdentifier>{1536d602-6cc4-4550-b96f-afa6bff4d28c}</UniqueIdentifier>
    </Filter>
    <Filter Include="ImGui\Backends">
      <UniqueIdentifier>{6c0105b6-091f-477a-a11d-383e4888411b}</UniqueIdentifier>
    </Filter>
    <Filter Include="SolEngine\Descriptors">
      <UniqueIdentifier>{0add9c7d-c5ca-4625-b876-7de24d2dce2a}</UniqueIdentifier>
    </Filter>
    <Filter Include="SolEngine\GUI">
      <UniqueIdentifier>{d5712963-e0e8-44e2-aaab-2542669ad924}</UniqueIdentifier>
    </Filter>
    <Filter Include="SolEngine\DOD">
      <UniqueIdentifier>{ad079547-8b04-47ad-aa75-ed6a3cd4c320}</UniqueIdentifier>
    </Filter>
    <Filter Include="SolEngine\Enumeration">
      <UniqueIdentifier>{5b8e70ca-8574-4d7d-9741-839fbe54f0ec}</UniqueIdentifier>
    </Filter>
    <Filter Include="SolEngine\System">
      <UniqueIdentifier>{b64bfb7c-6aec-400d-be4d-2ed03452811d}</UniqueIdentifier>
    </Filter>
    <Filter Include="SolEngine\Settings">
      <UniqueIdentifier>{0c8a191c-2dc0-4a7a-b988-5b118a17f2ea}</UniqueIdentifier>
    </Filter>
    <Filter Include="SolEngine\GUI\View">
      <UniqueIdentifier>{fce4f4dc-75cf-4031-bf3e-0c906ef18f97}</UniqueIdentifier>
    </Filter>
    <Filter Include="SolEngine\Input">
      <UniqueIdentifier>{cdf4c170-75b4-4530-808a-df1148e0c5d4}</UniqueIdentifier>
    </Filter>
    <Filter Include="SolEngine\IO">
      <UniqueIdentifier>{bf936567-3de7-4607-a117-8dedf9518504}</UniqueIdentifier>
    </Filter>
  </ItemGroup>
  <ItemGroup>
    <ClCompile Include="DebugHelpers.cpp">
      <Filter>Utility</Filter>
    </ClCompile>
    <ClCompile Include="SolDevice.cpp">
      <Filter>SolEngine</Filter>
    </ClCompile>
    <ClCompile Include="SolSwapchain.cpp">
      <Filter>SolEngine</Filter>
    </ClCompile>
    <ClCompile Include="main.cpp">
      <Filter>Source Files</Filter>
    </ClCompile>
    <ClCompile Include="SolWindow.cpp">
      <Filter>SolEngine</Filter>
    </ClCompile>
    <ClCompile Include="SolPipeline.cpp">
      <Filter>SolEngine</Filter>
    </ClCompile>
    <ClCompile Include="SolModel.cpp">
      <Filter>SolEngine</Filter>
    </ClCompile>
    <ClCompile Include="SolRenderer.cpp">
      <Filter>SolEngine</Filter>
    </ClCompile>
    <ClCompile Include="MatrixUtility.cpp">
      <Filter>SolEngine\Math</Filter>
    </ClCompile>
    <ClCompile Include="SolCamera.cpp">
      <Filter>SolEngine</Filter>
    </ClCompile>
    <ClCompile Include="SimpleRenderSystem.cpp">
      <Filter>SolEngine\Rendering</Filter>
    </ClCompile>
    <ClCompile Include="Application.cpp">
      <Filter>Source Files</Filter>
    </ClCompile>
    <ClCompile Include="SolBuffer.cpp">
      <Filter>SolEngine</Filter>
    </ClCompile>
    <ClCompile Include="imgui.cpp">
      <Filter>ImGui</Filter>
    </ClCompile>
    <ClCompile Include="imgui_demo.cpp">
      <Filter>ImGui</Filter>
    </ClCompile>
    <ClCompile Include="imgui_draw.cpp">
      <Filter>ImGui</Filter>
    </ClCompile>
    <ClCompile Include="imgui_tables.cpp">
      <Filter>ImGui</Filter>
    </ClCompile>
    <ClCompile Include="imgui_widgets.cpp">
      <Filter>ImGui</Filter>
    </ClCompile>
    <ClCompile Include="imgui_impl_glfw.cpp">
      <Filter>ImGui\Backends</Filter>
    </ClCompile>
    <ClCompile Include="imgui_impl_vulkan.cpp">
      <Filter>ImGui\Backends</Filter>
    </ClCompile>
    <ClCompile Include="SolDescriptorSetLayout.cpp">
      <Filter>SolEngine\Descriptors</Filter>
    </ClCompile>
    <ClCompile Include="SolDescriptorPool.cpp">
      <Filter>SolEngine\Descriptors</Filter>
    </ClCompile>
    <ClCompile Include="SolDescriptorWriter.cpp">
      <Filter>SolEngine\Descriptors</Filter>
    </ClCompile>
    <ClCompile Include="GuiDiagnosticWindow.cpp">
      <Filter>SolEngine\GUI</Filter>
    </ClCompile>
    <ClCompile Include="GuiWindowManager.cpp">
      <Filter>SolEngine\GUI</Filter>
    </ClCompile>
    <ClCompile Include="SolClock.cpp">
      <Filter>SolEngine</Filter>
    </ClCompile>
    <ClCompile Include="GenericRenderSystem.cpp">
      <Filter>SolEngine\Rendering</Filter>
    </ClCompile>
    <ClCompile Include="SolGrid.cpp">
      <Filter>SolEngine</Filter>
    </ClCompile>
    <ClCompile Include="MarchingCubesSystem.cpp">
      <Filter>SolEngine\System</Filter>
    </ClCompile>
    <ClCompile Include="GameOfLifeSystem.cpp">
      <Filter>SolEngine\System</Filter>
    </ClCompile>
    <ClCompile Include="GuiSettingsWindow.cpp">
      <Filter>SolEngine\GUI</Filter>
    </ClCompile>
    <ClCompile Include="RandomNumberGenerator.cpp">
      <Filter>Utility</Filter>
    </ClCompile>
    <ClCompile Include="GuiSimulationView.cpp">
      <Filter>SolEngine\GUI\View</Filter>
    </ClCompile>
    <ClCompile Include="GuiGameOfLifeView.cpp">
      <Filter>SolEngine\GUI\View</Filter>
    </ClCompile>
    <ClCompile Include="GuiGridView.cpp">
      <Filter>SolEngine\GUI\View</Filter>
    </ClCompile>
    <ClCompile Include="CameraController.cpp">
      <Filter>SolEngine\Input</Filter>
    </ClCompile>
    <ClCompile Include="GuiRenderSystemView.cpp">
      <Filter>SolEngine\GUI\View</Filter>
    </ClCompile>
    <ClCompile Include="CSVPerformanceProfiler.cpp">
      <Filter>SolEngine\IO</Filter>
    </ClCompile>
    <ClCompile Include="SettingsFileLoader.cpp">
      <Filter>SolEngine\IO</Filter>
    </ClCompile>
  </ItemGroup>
  <ItemGroup>
    <ClInclude Include="DebugHelpers.hpp">
      <Filter>Utility</Filter>
    </ClInclude>
    <ClInclude Include="SolDevice.hpp">
      <Filter>SolEngine</Filter>
    </ClInclude>
    <ClInclude Include="Singleton.hpp">
      <Filter>Utility</Filter>
    </ClInclude>
    <ClInclude Include="SolSwapchain.hpp">
      <Filter>SolEngine</Filter>
    </ClInclude>
    <ClInclude Include="SwapchainSupportDetails.hpp">
      <Filter>SolEngine\Data</Filter>
    </ClInclude>
    <ClInclude Include="QueueFamilyIndices.hpp">
      <Filter>SolEngine\Data</Filter>
    </ClInclude>
    <ClInclude Include="SolWindow.hpp">
      <Filter>SolEngine</Filter>
    </ClInclude>
    <ClInclude Include="SolPipeline.hpp">
      <Filter>SolEngine</Filter>
    </ClInclude>
    <ClInclude Include="SimplePushConstantData.hpp">
      <Filter>SolEngine\Data</Filter>
    </ClInclude>
    <ClInclude Include="PipelineConfigInfo.hpp">
      <Filter>SolEngine\Data</Filter>
    </ClInclude>
    <ClInclude Include="ApplicationData.hpp">
      <Filter>SolEngine\Data</Filter>
    </ClInclude>
    <ClInclude Include="SolModel.hpp">
      <Filter>SolEngine</Filter>
    </ClInclude>
    <ClInclude Include="Vertex.hpp">
      <Filter>SolEngine\Data</Filter>
    </ClInclude>
    <ClInclude Include="SolGameObject.hpp">
      <Filter>SolEngine</Filter>
    </ClInclude>
    <ClInclude Include="IMonoBehaviour.hpp">
      <Filter>SolEngine\Interface</Filter>
    </ClInclude>
    <ClInclude Include="IDisposable.hpp">
      <Filter>SolEngine\Interface</Filter>
    </ClInclude>
    <ClInclude Include="SolRenderer.hpp">
      <Filter>SolEngine</Filter>
    </ClInclude>
    <ClInclude Include="Constants.hpp">
      <Filter>SolEngine\Data</Filter>
    </ClInclude>
    <ClInclude Include="MatrixUtility.hpp">
      <Filter>SolEngine\Math</Filter>
    </ClInclude>
    <ClInclude Include="SolCamera.hpp">
      <Filter>SolEngine</Filter>
    </ClInclude>
    <ClInclude Include="Rect.hpp">
      <Filter>SolEngine\Math</Filter>
    </ClInclude>
    <ClInclude Include="SimpleRenderSystem.hpp">
      <Filter>SolEngine\Rendering</Filter>
    </ClInclude>
    <ClInclude Include="SolEvent.hpp">
      <Filter>SolEngine\Events</Filter>
    </ClInclude>
    <ClInclude Include="Application.hpp">
      <Filter>Header Files</Filter>
    </ClInclude>
    <ClInclude Include="SolBuffer.hpp">
      <Filter>SolEngine</Filter>
    </ClInclude>
    <ClInclude Include="imconfig.h">
      <Filter>ImGui</Filter>
    </ClInclude>
    <ClInclude Include="imgui.h">
      <Filter>ImGui</Filter>
    </ClInclude>
    <ClInclude Include="imgui_internal.h">
      <Filter>ImGui</Filter>
    </ClInclude>
    <ClInclude Include="imstb_rectpack.h">
      <Filter>ImGui</Filter>
    </ClInclude>
    <ClInclude Include="imstb_textedit.h">
      <Filter>ImGui</Filter>
    </ClInclude>
    <ClInclude Include="imstb_truetype.h">
      <Filter>ImGui</Filter>
    </ClInclude>
    <ClInclude Include="imgui_impl_glfw.h">
      <Filter>ImGui\Backends</Filter>
    </ClInclude>
    <ClInclude Include="imgui_impl_vulkan.h">
      <Filter>ImGui\Backends</Filter>
    </ClInclude>
    <ClInclude Include="SolDescriptorSetLayout.hpp">
      <Filter>SolEngine\Descriptors</Filter>
    </ClInclude>
    <ClInclude Include="SolDescriptorPool.hpp">
      <Filter>SolEngine\Descriptors</Filter>
    </ClInclude>
    <ClInclude Include="SolDescriptorWriter.hpp">
      <Filter>SolEngine\Descriptors</Filter>
    </ClInclude>
    <ClInclude Include="GuiDiagnosticWindow.hpp">
      <Filter>SolEngine\GUI</Filter>
    </ClInclude>
    <ClInclude Include="GuiWindowManager.hpp">
      <Filter>SolEngine\GUI</Filter>
    </ClInclude>
    <ClInclude Include="SolClock.hpp">
      <Filter>SolEngine</Filter>
    </ClInclude>
    <ClInclude Include="Cells.hpp">
      <Filter>SolEngine\DOD</Filter>
    </ClInclude>
    <ClInclude Include="GenericRenderSystem.hpp">
      <Filter>SolEngine\Rendering</Filter>
    </ClInclude>
    <ClInclude Include="Axis.hpp">
      <Filter>SolEngine\Enumeration</Filter>
    </ClInclude>
    <ClInclude Include="SolGrid.hpp">
      <Filter>SolEngine</Filter>
    </ClInclude>
    <ClInclude Include="MarchingCubesSystem.hpp">
      <Filter>SolEngine\System</Filter>
    </ClInclude>
    <ClInclude Include="GameOfLifeSystem.hpp">
      <Filter>SolEngine\System</Filter>
    </ClInclude>
    <ClInclude Include="DiagnosticData.hpp">
      <Filter>SolEngine\Data</Filter>
    </ClInclude>
    <ClInclude Include="GridSettings.hpp">
      <Filter>SolEngine\Settings</Filter>
    </ClInclude>
    <ClInclude Include="GameOfLifeSettings.hpp">
      <Filter>SolEngine\Settings</Filter>
    </ClInclude>
    <ClInclude Include="Typedefs.hpp">
      <Filter>Utility</Filter>
    </ClInclude>
    <ClInclude Include="SimulationSettings.hpp">
      <Filter>SolEngine\Settings</Filter>
    </ClInclude>
    <ClInclude Include="GuiSettingsWindow.hpp">
      <Filter>SolEngine\GUI</Filter>
    </ClInclude>
    <ClInclude Include="GuiStrings.hpp">
      <Filter>SolEngine\GUI</Filter>
    </ClInclude>
    <ClInclude Include="Helpers.hpp">
      <Filter>Utility</Filter>
    </ClInclude>
    <ClInclude Include="SimulationState.hpp">
      <Filter>SolEngine\Enumeration</Filter>
    </ClInclude>
    <ClInclude Include="RandomNumberGenerator.hpp">
      <Filter>Utility</Filter>
    </ClInclude>
    <ClInclude Include="GuiSimulationView.hpp">
      <Filter>SolEngine\GUI\View</Filter>
    </ClInclude>
    <ClInclude Include="GuiGameOfLifeView.hpp">
      <Filter>SolEngine\GUI\View</Filter>
    </ClInclude>
    <ClInclude Include="NeighbourhoodType.hpp">
      <Filter>SolEngine\Enumeration</Filter>
    </ClInclude>
    <ClInclude Include="GuiGridView.hpp">
      <Filter>SolEngine\GUI\View</Filter>
    </ClInclude>
    <ClInclude Include="Cursor.hpp">
      <Filter>SolEngine\Input</Filter>
    </ClInclude>
    <ClInclude Include="MouseButton.hpp">
      <Filter>SolEngine\Enumeration</Filter>
    </ClInclude>
    <ClInclude Include="CameraController.hpp">
      <Filter>SolEngine\Input</Filter>
    </ClInclude>
    <ClInclude Include="CameraSettings.hpp">
      <Filter>SolEngine\Settings</Filter>
    </ClInclude>
    <ClInclude Include="RenderSettings.hpp">
      <Filter>SolEngine\Settings</Filter>
    </ClInclude>
    <ClInclude Include="GuiWindowBase.hpp">
      <Filter>SolEngine\GUI</Filter>
    </ClInclude>
    <ClInclude Include="GuiRenderSystemView.hpp">
      <Filter>SolEngine\GUI\View</Filter>
    </ClInclude>
    <ClInclude Include="ISerializable.hpp">
      <Filter>SolEngine\Interface</Filter>
    </ClInclude>
    <ClInclude Include="UserSettings.hpp">
      <Filter>SolEngine\Settings</Filter>
    </ClInclude>
    <ClInclude Include="CSVPerformanceProfiler.hpp">
      <Filter>SolEngine\IO</Filter>
    </ClInclude>
    <ClInclude Include="SettingsFileLoader.hpp">
      <Filter>SolEngine\IO</Filter>
    </ClInclude>
    <ClInclude Include="ProfilerSettings.hpp">
      <Filter>SolEngine\Settings</Filter>
    </ClInclude>
  </ItemGroup>
  <ItemGroup>
    <None Include="Shaders\SimpleShader.frag">
      <Filter>Shaders</Filter>
    </None>
    <None Include="Shaders\SimpleShader.vert">
      <Filter>Shaders</Filter>
    </None>
    <None Include="cpp.hint" />
  </ItemGroup>
</Project>